Microsoft Visual Studio Solution File, Format Version 12.00
# Visual Studio 15
VisualStudioVersion = 15.0.26730.10
MinimumVisualStudioVersion = 10.0.40219.1


Project("{9A19103F-16F7-4668-BE54-9A1E7A4F7556}") = "Sample", "Sample\Sample\Sample.csproj", "{C3F876D1-8CD0-4314-AF3D-C614E0C73463}"
EndProject

Project("{FAE04EC0-301F-11D3-BF4B-00C04F79EFBC}") = "Sample.iOS", "Sample\Sample.iOS\Sample.iOS.csproj", "{12513395-D347-472E-8936-7470C287656D}"
EndProject

Project("{FAE04EC0-301F-11D3-BF4B-00C04F79EFBC}") = "Sample.Android", "Sample\Sample.Android\Sample.Android.csproj", "{ABAAA741-E623-4BFE-9980-597AACAA2D7B}"
EndProject

Project("{FAE04EC0-301F-11D3-BF4B-00C04F79EFBC}") = "Sample.UWP", "Sample\Sample.UWP\Sample.UWP.csproj", "{5B3A8AE3-F76A-4D55-8B36-562437DF4B80}"
EndProject

Global
	GlobalSection(SharedMSBuildProjectFiles) = preSolution
		Sample\Sample.projitems*{F7D07038-120C-4451-9898-983C0C43C07A}*SharedItemsImports = 13
	EndGlobalSection
	GlobalSection(SolutionConfigurationPlatforms) = preSolution
		Ad-Hoc|Any CPU = Ad-Hoc|Any CPU
		Ad-Hoc|ARM = Ad-Hoc|ARM
		Ad-Hoc|iPhone = Ad-Hoc|iPhone
		Ad-Hoc|iPhoneSimulator = Ad-Hoc|iPhoneSimulator
		Ad-Hoc|x64 = Ad-Hoc|x64
		Ad-Hoc|x86 = Ad-Hoc|x86
		AppStore|Any CPU = AppStore|Any CPU
		AppStore|ARM = AppStore|ARM
		AppStore|iPhone = AppStore|iPhone
		AppStore|iPhoneSimulator = AppStore|iPhoneSimulator
		AppStore|x64 = AppStore|x64
		AppStore|x86 = AppStore|x86
		Debug|Any CPU = Debug|Any CPU
		Debug|ARM = Debug|ARM
		Debug|iPhone = Debug|iPhone
		Debug|iPhoneSimulator = Debug|iPhoneSimulator
		Debug|x64 = Debug|x64
		Debug|x86 = Debug|x86
		Release|Any CPU = Release|Any CPU
		Release|ARM = Release|ARM
		Release|iPhone = Release|iPhone
		Release|iPhoneSimulator = Release|iPhoneSimulator
		Release|x64 = Release|x64
		Release|x86 = Release|x86
	EndGlobalSection
	GlobalSection(ProjectConfigurationPlatforms) = postSolution
		{C3F876D1-8CD0-4314-AF3D-C614E0C73463}.Ad-Hoc|Any CPU.ActiveCfg = Debug|Any CPU
		{C3F876D1-8CD0-4314-AF3D-C614E0C73463}.Ad-Hoc|Any CPU.Build.0 = Debug|Any CPU
		{C3F876D1-8CD0-4314-AF3D-C614E0C73463}.Ad-Hoc|ARM.ActiveCfg = Debug|Any CPU
		{C3F876D1-8CD0-4314-AF3D-C614E0C73463}.Ad-Hoc|ARM.Build.0 = Debug|Any CPU
		{C3F876D1-8CD0-4314-AF3D-C614E0C73463}.Ad-Hoc|iPhone.ActiveCfg = Debug|Any CPU
		{C3F876D1-8CD0-4314-AF3D-C614E0C73463}.Ad-Hoc|iPhone.Build.0 = Debug|Any CPU
		{C3F876D1-8CD0-4314-AF3D-C614E0C73463}.Ad-Hoc|iPhoneSimulator.ActiveCfg = Debug|Any CPU
		{C3F876D1-8CD0-4314-AF3D-C614E0C73463}.Ad-Hoc|iPhoneSimulator.Build.0 = Debug|Any CPU
		{C3F876D1-8CD0-4314-AF3D-C614E0C73463}.Ad-Hoc|x64.ActiveCfg = Debug|Any CPU
		{C3F876D1-8CD0-4314-AF3D-C614E0C73463}.Ad-Hoc|x64.Build.0 = Debug|Any CPU
		{C3F876D1-8CD0-4314-AF3D-C614E0C73463}.Ad-Hoc|x86.ActiveCfg = Debug|Any CPU
		{C3F876D1-8CD0-4314-AF3D-C614E0C73463}.Ad-Hoc|x86.Build.0 = Debug|Any CPU
		{C3F876D1-8CD0-4314-AF3D-C614E0C73463}.AppStore|Any CPU.ActiveCfg = Debug|Any CPU
		{C3F876D1-8CD0-4314-AF3D-C614E0C73463}.AppStore|Any CPU.Build.0 = Debug|Any CPU
		{C3F876D1-8CD0-4314-AF3D-C614E0C73463}.AppStore|ARM.ActiveCfg = Debug|Any CPU
		{C3F876D1-8CD0-4314-AF3D-C614E0C73463}.AppStore|ARM.Build.0 = Debug|Any CPU
		{C3F876D1-8CD0-4314-AF3D-C614E0C73463}.AppStore|iPhone.ActiveCfg = Debug|Any CPU
		{C3F876D1-8CD0-4314-AF3D-C614E0C73463}.AppStore|iPhone.Build.0 = Debug|Any CPU
		{C3F876D1-8CD0-4314-AF3D-C614E0C73463}.AppStore|iPhoneSimulator.ActiveCfg = Debug|Any CPU
		{C3F876D1-8CD0-4314-AF3D-C614E0C73463}.AppStore|iPhoneSimulator.Build.0 = Debug|Any CPU
		{C3F876D1-8CD0-4314-AF3D-C614E0C73463}.AppStore|x64.ActiveCfg = Debug|Any CPU
		{C3F876D1-8CD0-4314-AF3D-C614E0C73463}.AppStore|x64.Build.0 = Debug|Any CPU
		{C3F876D1-8CD0-4314-AF3D-C614E0C73463}.AppStore|x86.ActiveCfg = Debug|Any CPU
		{C3F876D1-8CD0-4314-AF3D-C614E0C73463}.AppStore|x86.Build.0 = Debug|Any CPU
		{C3F876D1-8CD0-4314-AF3D-C614E0C73463}.Debug|Any CPU.ActiveCfg = Debug|Any CPU
		{C3F876D1-8CD0-4314-AF3D-C614E0C73463}.Debug|Any CPU.Build.0 = Debug|Any CPU
		{C3F876D1-8CD0-4314-AF3D-C614E0C73463}.Debug|ARM.ActiveCfg = Debug|Any CPU
		{C3F876D1-8CD0-4314-AF3D-C614E0C73463}.Debug|ARM.Build.0 = Debug|Any CPU
		{C3F876D1-8CD0-4314-AF3D-C614E0C73463}.Debug|iPhone.ActiveCfg = Debug|Any CPU
		{C3F876D1-8CD0-4314-AF3D-C614E0C73463}.Debug|iPhone.Build.0 = Debug|Any CPU
		{C3F876D1-8CD0-4314-AF3D-C614E0C73463}.Debug|iPhoneSimulator.ActiveCfg = Debug|Any CPU
		{C3F876D1-8CD0-4314-AF3D-C614E0C73463}.Debug|iPhoneSimulator.Build.0 = Debug|Any CPU
		{C3F876D1-8CD0-4314-AF3D-C614E0C73463}.Debug|x64.ActiveCfg = Debug|Any CPU
		{C3F876D1-8CD0-4314-AF3D-C614E0C73463}.Debug|x64.Build.0 = Debug|Any CPU
		{C3F876D1-8CD0-4314-AF3D-C614E0C73463}.Debug|x86.ActiveCfg = Debug|Any CPU
		{C3F876D1-8CD0-4314-AF3D-C614E0C73463}.Debug|x86.Build.0 = Debug|Any CPU
		{C3F876D1-8CD0-4314-AF3D-C614E0C73463}.Release|Any CPU.ActiveCfg = Release|Any CPU
		{C3F876D1-8CD0-4314-AF3D-C614E0C73463}.Release|Any CPU.Build.0 = Release|Any CPU
		{C3F876D1-8CD0-4314-AF3D-C614E0C73463}.Release|ARM.ActiveCfg = Release|Any CPU
		{C3F876D1-8CD0-4314-AF3D-C614E0C73463}.Release|ARM.Build.0 = Release|Any CPU
		{C3F876D1-8CD0-4314-AF3D-C614E0C73463}.Release|iPhone.ActiveCfg = Release|Any CPU
		{C3F876D1-8CD0-4314-AF3D-C614E0C73463}.Release|iPhone.Build.0 = Release|Any CPU
		{C3F876D1-8CD0-4314-AF3D-C614E0C73463}.Release|iPhoneSimulator.ActiveCfg = Release|Any CPU
		{C3F876D1-8CD0-4314-AF3D-C614E0C73463}.Release|iPhoneSimulator.Build.0 = Release|Any CPU
		{C3F876D1-8CD0-4314-AF3D-C614E0C73463}.Release|x64.ActiveCfg = Release|Any CPU
		{C3F876D1-8CD0-4314-AF3D-C614E0C73463}.Release|x64.Build.0 = Release|Any CPU
		{C3F876D1-8CD0-4314-AF3D-C614E0C73463}.Release|x86.ActiveCfg = Release|Any CPU
		{C3F876D1-8CD0-4314-AF3D-C614E0C73463}.Release|x86.Build.0 = Release|Any CPU
		{12513395-D347-472E-8936-7470C287656D}.Ad-Hoc|Any CPU.ActiveCfg = Ad-Hoc|iPhone
		{12513395-D347-472E-8936-7470C287656D}.Ad-Hoc|ARM.ActiveCfg = Ad-Hoc|iPhone
		{12513395-D347-472E-8936-7470C287656D}.Ad-Hoc|iPhone.ActiveCfg = Ad-Hoc|iPhone
		{12513395-D347-472E-8936-7470C287656D}.Ad-Hoc|iPhone.Build.0 = Ad-Hoc|iPhone
		{12513395-D347-472E-8936-7470C287656D}.Ad-Hoc|iPhoneSimulator.ActiveCfg = Ad-Hoc|iPhoneSimulator
		{12513395-D347-472E-8936-7470C287656D}.Ad-Hoc|iPhoneSimulator.Build.0 = Ad-Hoc|iPhoneSimulator
		{12513395-D347-472E-8936-7470C287656D}.Ad-Hoc|x64.ActiveCfg = Ad-Hoc|iPhone
		{12513395-D347-472E-8936-7470C287656D}.Ad-Hoc|x86.ActiveCfg = Ad-Hoc|iPhone
		{12513395-D347-472E-8936-7470C287656D}.AppStore|Any CPU.ActiveCfg = AppStore|iPhone
		{12513395-D347-472E-8936-7470C287656D}.AppStore|ARM.ActiveCfg = AppStore|iPhone
		{12513395-D347-472E-8936-7470C287656D}.AppStore|iPhone.ActiveCfg = AppStore|iPhone
		{12513395-D347-472E-8936-7470C287656D}.AppStore|iPhone.Build.0 = AppStore|iPhone
		{12513395-D347-472E-8936-7470C287656D}.AppStore|iPhoneSimulator.ActiveCfg = AppStore|iPhoneSimulator
		{12513395-D347-472E-8936-7470C287656D}.AppStore|iPhoneSimulator.Build.0 = AppStore|iPhoneSimulator
		{12513395-D347-472E-8936-7470C287656D}.AppStore|x64.ActiveCfg = AppStore|iPhone
		{12513395-D347-472E-8936-7470C287656D}.AppStore|x86.ActiveCfg = AppStore|iPhone
		{12513395-D347-472E-8936-7470C287656D}.Debug|Any CPU.ActiveCfg = Debug|iPhone
		{12513395-D347-472E-8936-7470C287656D}.Debug|ARM.ActiveCfg = Debug|iPhone
		{12513395-D347-472E-8936-7470C287656D}.Debug|iPhone.ActiveCfg = Debug|iPhone
		{12513395-D347-472E-8936-7470C287656D}.Debug|iPhone.Build.0 = Debug|iPhone
		{12513395-D347-472E-8936-7470C287656D}.Debug|iPhoneSimulator.ActiveCfg = Debug|iPhoneSimulator
		{12513395-D347-472E-8936-7470C287656D}.Debug|iPhoneSimulator.Build.0 = Debug|iPhoneSimulator
		{12513395-D347-472E-8936-7470C287656D}.Debug|x64.ActiveCfg = Debug|iPhone
		{12513395-D347-472E-8936-7470C287656D}.Debug|x86.ActiveCfg = Debug|iPhone
		{12513395-D347-472E-8936-7470C287656D}.Release|Any CPU.ActiveCfg = Release|iPhone
		{12513395-D347-472E-8936-7470C287656D}.Release|ARM.ActiveCfg = Release|iPhone
		{12513395-D347-472E-8936-7470C287656D}.Release|iPhone.ActiveCfg = Release|iPhone
		{12513395-D347-472E-8936-7470C287656D}.Release|iPhone.Build.0 = Release|iPhone
		{12513395-D347-472E-8936-7470C287656D}.Release|iPhoneSimulator.ActiveCfg = Release|iPhoneSimulator
		{12513395-D347-472E-8936-7470C287656D}.Release|iPhoneSimulator.Build.0 = Release|iPhoneSimulator
		{12513395-D347-472E-8936-7470C287656D}.Release|x64.ActiveCfg = Release|iPhone
		{12513395-D347-472E-8936-7470C287656D}.Release|x86.ActiveCfg = Release|iPhone
		{5B3A8AE3-F76A-4D55-8B36-562437DF4B80}.Ad-Hoc|Any CPU.ActiveCfg = Release|x86
		{5B3A8AE3-F76A-4D55-8B36-562437DF4B80}.Ad-Hoc|Any CPU.Build.0 = Release|x86
		{5B3A8AE3-F76A-4D55-8B36-562437DF4B80}.Ad-Hoc|Any CPU.Deploy.0 = Release|x86
		{5B3A8AE3-F76A-4D55-8B36-562437DF4B80}.Ad-Hoc|ARM.ActiveCfg = Release|ARM
		{5B3A8AE3-F76A-4D55-8B36-562437DF4B80}.Ad-Hoc|ARM.Build.0 = Release|ARM
		{5B3A8AE3-F76A-4D55-8B36-562437DF4B80}.Ad-Hoc|ARM.Deploy.0 = Release|ARM
		{5B3A8AE3-F76A-4D55-8B36-562437DF4B80}.Ad-Hoc|iPhone.ActiveCfg = Release|x86
		{5B3A8AE3-F76A-4D55-8B36-562437DF4B80}.Ad-Hoc|iPhone.Build.0 = Release|x86
		{5B3A8AE3-F76A-4D55-8B36-562437DF4B80}.Ad-Hoc|iPhone.Deploy.0 = Release|x86
		{5B3A8AE3-F76A-4D55-8B36-562437DF4B80}.Ad-Hoc|iPhoneSimulator.ActiveCfg = Release|x86
		{5B3A8AE3-F76A-4D55-8B36-562437DF4B80}.Ad-Hoc|iPhoneSimulator.Build.0 = Release|x86
		{5B3A8AE3-F76A-4D55-8B36-562437DF4B80}.Ad-Hoc|iPhoneSimulator.Deploy.0 = Release|x86
		{5B3A8AE3-F76A-4D55-8B36-562437DF4B80}.Ad-Hoc|x64.ActiveCfg = Release|x64
		{5B3A8AE3-F76A-4D55-8B36-562437DF4B80}.Ad-Hoc|x64.Build.0 = Release|x64
		{5B3A8AE3-F76A-4D55-8B36-562437DF4B80}.Ad-Hoc|x64.Deploy.0 = Release|x64
		{5B3A8AE3-F76A-4D55-8B36-562437DF4B80}.Ad-Hoc|x86.ActiveCfg = Release|x86
		{5B3A8AE3-F76A-4D55-8B36-562437DF4B80}.Ad-Hoc|x86.Build.0 = Release|x86
		{5B3A8AE3-F76A-4D55-8B36-562437DF4B80}.Ad-Hoc|x86.Deploy.0 = Release|x86
		{5B3A8AE3-F76A-4D55-8B36-562437DF4B80}.AppStore|Any CPU.ActiveCfg = Release|x86
		{5B3A8AE3-F76A-4D55-8B36-562437DF4B80}.AppStore|Any CPU.Build.0 = Release|x86
		{5B3A8AE3-F76A-4D55-8B36-562437DF4B80}.AppStore|Any CPU.Deploy.0 = Release|x86
		{5B3A8AE3-F76A-4D55-8B36-562437DF4B80}.AppStore|ARM.ActiveCfg = Release|ARM
		{5B3A8AE3-F76A-4D55-8B36-562437DF4B80}.AppStore|ARM.Build.0 = Release|ARM
		{5B3A8AE3-F76A-4D55-8B36-562437DF4B80}.AppStore|ARM.Deploy.0 = Release|ARM
		{5B3A8AE3-F76A-4D55-8B36-562437DF4B80}.AppStore|iPhone.ActiveCfg = Release|x86
		{5B3A8AE3-F76A-4D55-8B36-562437DF4B80}.AppStore|iPhone.Build.0 = Release|x86
		{5B3A8AE3-F76A-4D55-8B36-562437DF4B80}.AppStore|iPhone.Deploy.0 = Release|x86
		{5B3A8AE3-F76A-4D55-8B36-562437DF4B80}.AppStore|iPhoneSimulator.ActiveCfg = Release|x86
		{5B3A8AE3-F76A-4D55-8B36-562437DF4B80}.AppStore|iPhoneSimulator.Build.0 = Release|x86
		{5B3A8AE3-F76A-4D55-8B36-562437DF4B80}.AppStore|iPhoneSimulator.Deploy.0 = Release|x86
		{5B3A8AE3-F76A-4D55-8B36-562437DF4B80}.AppStore|x64.ActiveCfg = Release|x64
		{5B3A8AE3-F76A-4D55-8B36-562437DF4B80}.AppStore|x64.Build.0 = Release|x64
		{5B3A8AE3-F76A-4D55-8B36-562437DF4B80}.AppStore|x64.Deploy.0 = Release|x64
		{5B3A8AE3-F76A-4D55-8B36-562437DF4B80}.AppStore|x86.ActiveCfg = Release|x86
		{5B3A8AE3-F76A-4D55-8B36-562437DF4B80}.AppStore|x86.Build.0 = Release|x86
		{5B3A8AE3-F76A-4D55-8B36-562437DF4B80}.AppStore|x86.Deploy.0 = Release|x86
		{5B3A8AE3-F76A-4D55-8B36-562437DF4B80}.Debug|Any CPU.ActiveCfg = Debug|x86
		{5B3A8AE3-F76A-4D55-8B36-562437DF4B80}.Debug|ARM.ActiveCfg = Debug|ARM
		{5B3A8AE3-F76A-4D55-8B36-562437DF4B80}.Debug|ARM.Build.0 = Debug|ARM
		{5B3A8AE3-F76A-4D55-8B36-562437DF4B80}.Debug|ARM.Deploy.0 = Debug|ARM
		{5B3A8AE3-F76A-4D55-8B36-562437DF4B80}.Debug|iPhone.ActiveCfg = Debug|x86
		{5B3A8AE3-F76A-4D55-8B36-562437DF4B80}.Debug|iPhoneSimulator.ActiveCfg = Debug|x86
		{5B3A8AE3-F76A-4D55-8B36-562437DF4B80}.Debug|x64.ActiveCfg = Debug|x64
		{5B3A8AE3-F76A-4D55-8B36-562437DF4B80}.Debug|x64.Build.0 = Debug|x64
		{5B3A8AE3-F76A-4D55-8B36-562437DF4B80}.Debug|x64.Deploy.0 = Debug|x64
		{5B3A8AE3-F76A-4D55-8B36-562437DF4B80}.Debug|x86.ActiveCfg = Debug|x86
		{5B3A8AE3-F76A-4D55-8B36-562437DF4B80}.Debug|x86.Build.0 = Debug|x86
		{5B3A8AE3-F76A-4D55-8B36-562437DF4B80}.Debug|x86.Deploy.0 = Debug|x86
		{5B3A8AE3-F76A-4D55-8B36-562437DF4B80}.Release|Any CPU.ActiveCfg = Release|x86
		{5B3A8AE3-F76A-4D55-8B36-562437DF4B80}.Release|ARM.ActiveCfg = Release|ARM
		{5B3A8AE3-F76A-4D55-8B36-562437DF4B80}.Release|ARM.Build.0 = Release|ARM
		{5B3A8AE3-F76A-4D55-8B36-562437DF4B80}.Release|ARM.Deploy.0 = Release|ARM
		{5B3A8AE3-F76A-4D55-8B36-562437DF4B80}.Release|iPhone.ActiveCfg = Release|x86
		{5B3A8AE3-F76A-4D55-8B36-562437DF4B80}.Release|iPhoneSimulator.ActiveCfg = Release|x86
		{5B3A8AE3-F76A-4D55-8B36-562437DF4B80}.Release|x64.ActiveCfg = Release|x64
		{5B3A8AE3-F76A-4D55-8B36-562437DF4B80}.Release|x64.Build.0 = Release|x64
		{5B3A8AE3-F76A-4D55-8B36-562437DF4B80}.Release|x64.Deploy.0 = Release|x64
		{5B3A8AE3-F76A-4D55-8B36-562437DF4B80}.Release|x86.ActiveCfg = Release|x86
		{5B3A8AE3-F76A-4D55-8B36-562437DF4B80}.Release|x86.Build.0 = Release|x86
		{5B3A8AE3-F76A-4D55-8B36-562437DF4B80}.Release|x86.Deploy.0 = Release|x86
		{20FDA6ED-B68E-4610-807B-F358668F181E}.Ad-Hoc|Any CPU.ActiveCfg = Release|Any CPU
		{20FDA6ED-B68E-4610-807B-F358668F181E}.Ad-Hoc|Any CPU.Build.0 = Release|Any CPU
		{20FDA6ED-B68E-4610-807B-F358668F181E}.Ad-Hoc|Any CPU.Deploy.0 = Release|Any CPU
		{20FDA6ED-B68E-4610-807B-F358668F181E}.Ad-Hoc|ARM.ActiveCfg = Release|Any CPU
		{20FDA6ED-B68E-4610-807B-F358668F181E}.Ad-Hoc|ARM.Build.0 = Release|Any CPU
		{20FDA6ED-B68E-4610-807B-F358668F181E}.Ad-Hoc|ARM.Deploy.0 = Release|Any CPU
		{20FDA6ED-B68E-4610-807B-F358668F181E}.Ad-Hoc|iPhone.ActiveCfg = Release|Any CPU
		{20FDA6ED-B68E-4610-807B-F358668F181E}.Ad-Hoc|iPhone.Build.0 = Release|Any CPU
		{20FDA6ED-B68E-4610-807B-F358668F181E}.Ad-Hoc|iPhone.Deploy.0 = Release|Any CPU
		{20FDA6ED-B68E-4610-807B-F358668F181E}.Ad-Hoc|iPhoneSimulator.ActiveCfg = Release|Any CPU
		{20FDA6ED-B68E-4610-807B-F358668F181E}.Ad-Hoc|iPhoneSimulator.Build.0 = Release|Any CPU
		{20FDA6ED-B68E-4610-807B-F358668F181E}.Ad-Hoc|iPhoneSimulator.Deploy.0 = Release|Any CPU
		{20FDA6ED-B68E-4610-807B-F358668F181E}.Ad-Hoc|x64.ActiveCfg = Release|Any CPU
		{20FDA6ED-B68E-4610-807B-F358668F181E}.Ad-Hoc|x64.Build.0 = Release|Any CPU
		{20FDA6ED-B68E-4610-807B-F358668F181E}.Ad-Hoc|x64.Deploy.0 = Release|Any CPU
		{20FDA6ED-B68E-4610-807B-F358668F181E}.Ad-Hoc|x86.ActiveCfg = Release|Any CPU
		{20FDA6ED-B68E-4610-807B-F358668F181E}.Ad-Hoc|x86.Build.0 = Release|Any CPU
		{20FDA6ED-B68E-4610-807B-F358668F181E}.Ad-Hoc|x86.Deploy.0 = Release|Any CPU
		{20FDA6ED-B68E-4610-807B-F358668F181E}.AppStore|Any CPU.ActiveCfg = Release|Any CPU
		{20FDA6ED-B68E-4610-807B-F358668F181E}.AppStore|Any CPU.Build.0 = Release|Any CPU
		{20FDA6ED-B68E-4610-807B-F358668F181E}.AppStore|Any CPU.Deploy.0 = Release|Any CPU
		{20FDA6ED-B68E-4610-807B-F358668F181E}.AppStore|ARM.ActiveCfg = Release|Any CPU
		{20FDA6ED-B68E-4610-807B-F358668F181E}.AppStore|ARM.Build.0 = Release|Any CPU
		{20FDA6ED-B68E-4610-807B-F358668F181E}.AppStore|ARM.Deploy.0 = Release|Any CPU
		{20FDA6ED-B68E-4610-807B-F358668F181E}.AppStore|iPhone.ActiveCfg = Release|Any CPU
		{20FDA6ED-B68E-4610-807B-F358668F181E}.AppStore|iPhone.Build.0 = Release|Any CPU
		{20FDA6ED-B68E-4610-807B-F358668F181E}.AppStore|iPhone.Deploy.0 = Release|Any CPU
		{20FDA6ED-B68E-4610-807B-F358668F181E}.AppStore|iPhoneSimulator.ActiveCfg = Release|Any CPU
		{20FDA6ED-B68E-4610-807B-F358668F181E}.AppStore|iPhoneSimulator.Build.0 = Release|Any CPU
		{20FDA6ED-B68E-4610-807B-F358668F181E}.AppStore|iPhoneSimulator.Deploy.0 = Release|Any CPU
		{20FDA6ED-B68E-4610-807B-F358668F181E}.AppStore|x64.ActiveCfg = Release|Any CPU
		{20FDA6ED-B68E-4610-807B-F358668F181E}.AppStore|x64.Build.0 = Release|Any CPU
		{20FDA6ED-B68E-4610-807B-F358668F181E}.AppStore|x64.Deploy.0 = Release|Any CPU
		{20FDA6ED-B68E-4610-807B-F358668F181E}.AppStore|x86.ActiveCfg = Release|Any CPU
		{20FDA6ED-B68E-4610-807B-F358668F181E}.AppStore|x86.Build.0 = Release|Any CPU
		{20FDA6ED-B68E-4610-807B-F358668F181E}.AppStore|x86.Deploy.0 = Release|Any CPU
		{20FDA6ED-B68E-4610-807B-F358668F181E}.Debug|Any CPU.ActiveCfg = Debug|Any CPU
		{20FDA6ED-B68E-4610-807B-F358668F181E}.Debug|Any CPU.Build.0 = Debug|Any CPU
		{20FDA6ED-B68E-4610-807B-F358668F181E}.Debug|Any CPU.Deploy.0 = Debug|Any CPU
		{20FDA6ED-B68E-4610-807B-F358668F181E}.Debug|ARM.ActiveCfg = Debug|Any CPU
		{20FDA6ED-B68E-4610-807B-F358668F181E}.Debug|ARM.Build.0 = Debug|Any CPU
		{20FDA6ED-B68E-4610-807B-F358668F181E}.Debug|ARM.Deploy.0 = Debug|Any CPU
		{20FDA6ED-B68E-4610-807B-F358668F181E}.Debug|iPhone.ActiveCfg = Debug|Any CPU
		{20FDA6ED-B68E-4610-807B-F358668F181E}.Debug|iPhone.Build.0 = Debug|Any CPU
		{20FDA6ED-B68E-4610-807B-F358668F181E}.Debug|iPhone.Deploy.0 = Debug|Any CPU
		{20FDA6ED-B68E-4610-807B-F358668F181E}.Debug|iPhoneSimulator.ActiveCfg = Debug|Any CPU
		{20FDA6ED-B68E-4610-807B-F358668F181E}.Debug|iPhoneSimulator.Build.0 = Debug|Any CPU
		{20FDA6ED-B68E-4610-807B-F358668F181E}.Debug|iPhoneSimulator.Deploy.0 = Debug|Any CPU
		{20FDA6ED-B68E-4610-807B-F358668F181E}.Debug|x64.ActiveCfg = Debug|Any CPU
		{20FDA6ED-B68E-4610-807B-F358668F181E}.Debug|x64.Build.0 = Debug|Any CPU
		{20FDA6ED-B68E-4610-807B-F358668F181E}.Debug|x64.Deploy.0 = Debug|Any CPU
		{20FDA6ED-B68E-4610-807B-F358668F181E}.Debug|x86.ActiveCfg = Debug|Any CPU
		{20FDA6ED-B68E-4610-807B-F358668F181E}.Debug|x86.Build.0 = Debug|Any CPU
		{20FDA6ED-B68E-4610-807B-F358668F181E}.Debug|x86.Deploy.0 = Debug|Any CPU
		{20FDA6ED-B68E-4610-807B-F358668F181E}.Release|Any CPU.ActiveCfg = Release|Any CPU
		{20FDA6ED-B68E-4610-807B-F358668F181E}.Release|Any CPU.Build.0 = Release|Any CPU
		{20FDA6ED-B68E-4610-807B-F358668F181E}.Release|Any CPU.Deploy.0 = Release|Any CPU
		{20FDA6ED-B68E-4610-807B-F358668F181E}.Release|ARM.ActiveCfg = Release|Any CPU
		{20FDA6ED-B68E-4610-807B-F358668F181E}.Release|ARM.Build.0 = Release|Any CPU
		{20FDA6ED-B68E-4610-807B-F358668F181E}.Release|ARM.Deploy.0 = Release|Any CPU
		{20FDA6ED-B68E-4610-807B-F358668F181E}.Release|iPhone.ActiveCfg = Release|Any CPU
		{20FDA6ED-B68E-4610-807B-F358668F181E}.Release|iPhone.Build.0 = Release|Any CPU
		{20FDA6ED-B68E-4610-807B-F358668F181E}.Release|iPhone.Deploy.0 = Release|Any CPU
		{20FDA6ED-B68E-4610-807B-F358668F181E}.Release|iPhoneSimulator.ActiveCfg = Release|Any CPU
		{20FDA6ED-B68E-4610-807B-F358668F181E}.Release|iPhoneSimulator.Build.0 = Release|Any CPU
		{20FDA6ED-B68E-4610-807B-F358668F181E}.Release|iPhoneSimulator.Deploy.0 = Release|Any CPU
		{20FDA6ED-B68E-4610-807B-F358668F181E}.Release|x64.ActiveCfg = Release|Any CPU
		{20FDA6ED-B68E-4610-807B-F358668F181E}.Release|x64.Build.0 = Release|Any CPU
		{20FDA6ED-B68E-4610-807B-F358668F181E}.Release|x64.Deploy.0 = Release|Any CPU
		{20FDA6ED-B68E-4610-807B-F358668F181E}.Release|x86.ActiveCfg = Release|Any CPU
		{20FDA6ED-B68E-4610-807B-F358668F181E}.Release|x86.Build.0 = Release|Any CPU
		{20FDA6ED-B68E-4610-807B-F358668F181E}.Release|x86.Deploy.0 = Release|Any CPU
	EndGlobalSection
	GlobalSection(SolutionProperties) = preSolution
		HideSolutionNode = FALSE
	EndGlobalSection
	GlobalSection(ExtensibilityGlobals) = postSolution
		SolutionGuid = {F6D05029-56B8-4E45-AF2D-0E76295DDBA2}
	EndGlobalSection
EndGlobal
